// !$*UTF8*$!
{
	archiveVersion = 1;
	classes = {
	};
	objectVersion = 42;
	objects = {

/* Begin PBXBuildFile section */
		163018228b0d43a3d873c97a5035c136 /* tinyxmlparser.cpp in Sources */ = {isa = PBXBuildFile; fileRef = 723a541850f8893d0348d692c2a2a583 /* tinyxmlparser.cpp */; };
		27b6d79174443d6cad8383f9ca019209 /* ofxOscBundle.cpp in Sources */ = {isa = PBXBuildFile; fileRef = ba58347b3242d5b8873da5a429fca531 /* ofxOscBundle.cpp */; };
		2AABAD3E18E382FB00F7E388 /* ofxControlease.cpp in Sources */ = {isa = PBXBuildFile; fileRef = 2AABAD3C18E382FB00F7E388 /* ofxControlease.cpp */; };
		2ef02e240402145e08a7055d4a0ea207 /* OscPrintReceivedElements.cpp in Sources */ = {isa = PBXBuildFile; fileRef = 7acbe727bb00ac843d6e44042da09733 /* OscPrintReceivedElements.cpp */; };
		3bbcdff3f524f31e2b0131842dc85d0f /* UdpSocket.cpp in Sources */ = {isa = PBXBuildFile; fileRef = 2107dbf505ec44ef41944271264560e7 /* UdpSocket.cpp */; };
		3bfaa836ec8ff234c1578ef058b107e5 /* UdpSocketWin.cpp in Sources */ = {isa = PBXBuildFile; fileRef = b0d7a8d62adf8eb3c8203109559c6118 /* UdpSocketWin.cpp */; };
		3d64c1bdff05f4a0720c3c482d114f47 /* ofxXmlSettings.cpp in Sources */ = {isa = PBXBuildFile; fileRef = f078e7b6a84cb9942a4d5d3931c233c6 /* ofxXmlSettings.cpp */; };
		529295f92eea55eba139c02a30a256ec /* NetworkingUtils.cpp in Sources */ = {isa = PBXBuildFile; fileRef = c27d112991168a030c864ba8476005a1 /* NetworkingUtils.cpp */; };
		5a50d5e15fcc372cf48054569dc68e64 /* OscTypes.cpp in Sources */ = {isa = PBXBuildFile; fileRef = 1dde022b70b1a1f592d88c736a539a9f /* OscTypes.cpp */; };
		6cb7d5aa8ff91af384f10e7b0d3bacbd /* OscReceivedElements.cpp in Sources */ = {isa = PBXBuildFile; fileRef = a34d2ae5b304aa699bba1f4b66328bbc /* OscReceivedElements.cpp */; };
		745702f7914c05d0a9e4c9bbb89a3b73 /* ofxOscSender.cpp in Sources */ = {isa = PBXBuildFile; fileRef = 64b64209e2ec1c91f54a4cb25ebbce15 /* ofxOscSender.cpp */; };
		77d2675927c573d09ebd6f09e3c1b1da /* tinyxmlerror.cpp in Sources */ = {isa = PBXBuildFile; fileRef = 4aea115b2e21973a272e2d91fb3fa276 /* tinyxmlerror.cpp */; };
		BBAB23CB13894F3D00AA2426 /* GLUT.framework in CopyFiles */ = {isa = PBXBuildFile; fileRef = BBAB23BE13894E4700AA2426 /* GLUT.framework */; };
		E4328149138ABC9F0047C5CB /* openFrameworksDebug.a in Frameworks */ = {isa = PBXBuildFile; fileRef = E4328148138ABC890047C5CB /* openFrameworksDebug.a */; };
		E45BE97B0E8CC7DD009D7055 /* AGL.framework in Frameworks */ = {isa = PBXBuildFile; fileRef = E45BE9710E8CC7DD009D7055 /* AGL.framework */; };
		E45BE97C0E8CC7DD009D7055 /* ApplicationServices.framework in Frameworks */ = {isa = PBXBuildFile; fileRef = E45BE9720E8CC7DD009D7055 /* ApplicationServices.framework */; };
		E45BE97D0E8CC7DD009D7055 /* AudioToolbox.framework in Frameworks */ = {isa = PBXBuildFile; fileRef = E45BE9730E8CC7DD009D7055 /* AudioToolbox.framework */; };
		E45BE97E0E8CC7DD009D7055 /* Carbon.framework in Frameworks */ = {isa = PBXBuildFile; fileRef = E45BE9740E8CC7DD009D7055 /* Carbon.framework */; };
		E45BE97F0E8CC7DD009D7055 /* CoreAudio.framework in Frameworks */ = {isa = PBXBuildFile; fileRef = E45BE9750E8CC7DD009D7055 /* CoreAudio.framework */; };
		E45BE9800E8CC7DD009D7055 /* CoreFoundation.framework in Frameworks */ = {isa = PBXBuildFile; fileRef = E45BE9760E8CC7DD009D7055 /* CoreFoundation.framework */; };
		E45BE9810E8CC7DD009D7055 /* CoreServices.framework in Frameworks */ = {isa = PBXBuildFile; fileRef = E45BE9770E8CC7DD009D7055 /* CoreServices.framework */; };
		E45BE9830E8CC7DD009D7055 /* OpenGL.framework in Frameworks */ = {isa = PBXBuildFile; fileRef = E45BE9790E8CC7DD009D7055 /* OpenGL.framework */; };
		E45BE9840E8CC7DD009D7055 /* QuickTime.framework in Frameworks */ = {isa = PBXBuildFile; fileRef = E45BE97A0E8CC7DD009D7055 /* QuickTime.framework */; };
		E4B69E200A3A1BDC003C02F2 /* main.cpp in Sources */ = {isa = PBXBuildFile; fileRef = E4B69E1D0A3A1BDC003C02F2 /* main.cpp */; };
		E4B69E210A3A1BDC003C02F2 /* testApp.cpp in Sources */ = {isa = PBXBuildFile; fileRef = E4B69E1E0A3A1BDC003C02F2 /* testApp.cpp */; };
		E4C2424710CC5A17004149E2 /* AppKit.framework in Frameworks */ = {isa = PBXBuildFile; fileRef = E4C2424410CC5A17004149E2 /* AppKit.framework */; };
		E4C2424810CC5A17004149E2 /* Cocoa.framework in Frameworks */ = {isa = PBXBuildFile; fileRef = E4C2424510CC5A17004149E2 /* Cocoa.framework */; };
		E4C2424910CC5A17004149E2 /* IOKit.framework in Frameworks */ = {isa = PBXBuildFile; fileRef = E4C2424610CC5A17004149E2 /* IOKit.framework */; };
		E4EB6799138ADC1D00A09F29 /* GLUT.framework in Frameworks */ = {isa = PBXBuildFile; fileRef = BBAB23BE13894E4700AA2426 /* GLUT.framework */; };
		E7E077E515D3B63C0020DFD4 /* CoreVideo.framework in Frameworks */ = {isa = PBXBuildFile; fileRef = E7E077E415D3B63C0020DFD4 /* CoreVideo.framework */; };
		E7E077E815D3B6510020DFD4 /* QTKit.framework in Frameworks */ = {isa = PBXBuildFile; fileRef = E7E077E715D3B6510020DFD4 /* QTKit.framework */; };
		E7F985F815E0DEA3003869B5 /* Accelerate.framework in Frameworks */ = {isa = PBXBuildFile; fileRef = E7F985F515E0DE99003869B5 /* Accelerate.framework */; };
		a598ee456e1737d286ad1f1a433f959f /* IpEndpointName.cpp in Sources */ = {isa = PBXBuildFile; fileRef = 4116541633239bbe3542debedaa4217a /* IpEndpointName.cpp */; };
		c9c9d0c08e0dc509e50eab02816873b1 /* OscOutboundPacketStream.cpp in Sources */ = {isa = PBXBuildFile; fileRef = d9b89781005895118f6929dcdf38c2e3 /* OscOutboundPacketStream.cpp */; };
		cc0671192521ee61cba873986f389617 /* ofxOscMessage.cpp in Sources */ = {isa = PBXBuildFile; fileRef = beb81f32936772af92627a8a1ce328e7 /* ofxOscMessage.cpp */; };
		cf77012c3fd789dc516582aad331e98d /* NetworkingUtilsWin.cpp in Sources */ = {isa = PBXBuildFile; fileRef = 9afc081cc865bf2ab848399d8e7594a6 /* NetworkingUtilsWin.cpp */; };
		d45ae2ea93846981c06b4c412206b100 /* tinyxml.cpp in Sources */ = {isa = PBXBuildFile; fileRef = ec980f0204339926efa31c191566dc1c /* tinyxml.cpp */; };
		da56e2254687602684d237d00dd481cc /* ofxOscReceiver.cpp in Sources */ = {isa = PBXBuildFile; fileRef = e6aac026f6a2e8d5eb18bf7bc6e89872 /* ofxOscReceiver.cpp */; };
/* End PBXBuildFile section */

/* Begin PBXContainerItemProxy section */
		E4328147138ABC890047C5CB /* PBXContainerItemProxy */ = {
			isa = PBXContainerItemProxy;
			containerPortal = E4328143138ABC890047C5CB /* openFrameworksLib.xcodeproj */;
			proxyType = 2;
			remoteGlobalIDString = E4B27C1510CBEB8E00536013;
			remoteInfo = openFrameworks;
		};
		E4EEB9AB138B136A00A80321 /* PBXContainerItemProxy */ = {
			isa = PBXContainerItemProxy;
			containerPortal = E4328143138ABC890047C5CB /* openFrameworksLib.xcodeproj */;
			proxyType = 1;
			remoteGlobalIDString = E4B27C1410CBEB8E00536013;
			remoteInfo = openFrameworks;
		};
/* End PBXContainerItemProxy section */

/* Begin PBXCopyFilesBuildPhase section */
		E4C2427710CC5ABF004149E2 /* CopyFiles */ = {
			isa = PBXCopyFilesBuildPhase;
			buildActionMask = 2147483647;
			dstPath = "";
			dstSubfolderSpec = 10;
			files = (
				BBAB23CB13894F3D00AA2426 /* GLUT.framework in CopyFiles */,
			);
			runOnlyForDeploymentPostprocessing = 0;
		};
/* End PBXCopyFilesBuildPhase section */

/* Begin PBXFileReference section */
		006f2f6af0dab1a63f0d4f1c5500c224 /* OscOutboundPacketStream.h */ = {isa = PBXFileReference; explicitFileType = sourcecode.c.h; fileEncoding = 30; name = OscOutboundPacketStream.h; path = ../../../../../../tools/of/of_v0.7.4_osx_release/addons/ofxOsc/libs/oscpack/src/osc/OscOutboundPacketStream.h; sourceTree = SOURCE_ROOT; };
		033c0c2b0cff8448facea91cadbe4784 /* ofxUIFPS.h */ = {isa = PBXFileReference; explicitFileType = sourcecode.c.h; fileEncoding = 30; name = ofxUIFPS.h; path = ../../../../../../tools/of/of_v0.7.4_osx_release/addons/ofxUI/src/ofxUIFPS.h; sourceTree = SOURCE_ROOT; };
		05aacfca8f372ca8037f6bc1bff939eb /* ofxOscReceiver.h */ = {isa = PBXFileReference; explicitFileType = sourcecode.c.h; fileEncoding = 30; name = ofxOscReceiver.h; path = ../../../../../../tools/of/of_v0.7.4_osx_release/addons/ofxOsc/src/ofxOscReceiver.h; sourceTree = SOURCE_ROOT; };
		0afb635ce6930ba54e0c95ba0425cc19 /* ofxUIScrollableCanvas.h */ = {isa = PBXFileReference; explicitFileType = sourcecode.c.h; fileEncoding = 30; name = ofxUIScrollableCanvas.h; path = ../../../../../../tools/of/of_v0.7.4_osx_release/addons/ofxUI/src/ofxUIScrollableCanvas.h; sourceTree = SOURCE_ROOT; };
		0d92133c57a5528c4e20ea9b9ea1a41f /* ofxUILabelToggle.h */ = {isa = PBXFileReference; explicitFileType = sourcecode.c.h; fileEncoding = 30; name = ofxUILabelToggle.h; path = ../../../../../../tools/of/of_v0.7.4_osx_release/addons/ofxUI/src/ofxUILabelToggle.h; sourceTree = SOURCE_ROOT; };
		0dd1447dc5988c229ad2f84ed7ff6e99 /* ofxUIToggle.h */ = {isa = PBXFileReference; explicitFileType = sourcecode.c.h; fileEncoding = 30; name = ofxUIToggle.h; path = ../../../../../../tools/of/of_v0.7.4_osx_release/addons/ofxUI/src/ofxUIToggle.h; sourceTree = SOURCE_ROOT; };
		1286402b45d7ff89468e9f837b9bf9e8 /* TimerListener.h */ = {isa = PBXFileReference; explicitFileType = sourcecode.c.h; fileEncoding = 30; name = TimerListener.h; path = ../../../../../../tools/of/of_v0.7.4_osx_release/addons/ofxOsc/libs/oscpack/src/ip/TimerListener.h; sourceTree = SOURCE_ROOT; };
		15ef00292af46b5f37dc8fff2eeb78d6 /* ofxUI2DGraph.h */ = {isa = PBXFileReference; explicitFileType = sourcecode.c.h; fileEncoding = 30; name = ofxUI2DGraph.h; path = ../../../../../../tools/of/of_v0.7.4_osx_release/addons/ofxUI/src/ofxUI2DGraph.h; sourceTree = SOURCE_ROOT; };
		171ace836f45085401d2cdbaa51706e4 /* ofxXmlSettings.h */ = {isa = PBXFileReference; explicitFileType = sourcecode.c.h; fileEncoding = 30; name = ofxXmlSettings.h; path = ../../../../../../tools/of/of_v0.7.4_osx_release/addons/ofxXmlSettings/src/ofxXmlSettings.h; sourceTree = SOURCE_ROOT; };
		1a3306795b54dd7875d129e9d397cf29 /* ofxUIMultiImageToggle.h */ = {isa = PBXFileReference; explicitFileType = sourcecode.c.h; fileEncoding = 30; name = ofxUIMultiImageToggle.h; path = ../../../../../../tools/of/of_v0.7.4_osx_release/addons/ofxUI/src/ofxUIMultiImageToggle.h; sourceTree = SOURCE_ROOT; };
		1dde022b70b1a1f592d88c736a539a9f /* OscTypes.cpp */ = {isa = PBXFileReference; explicitFileType = sourcecode.cpp.cpp; fileEncoding = 30; name = OscTypes.cpp; path = ../../../../../../tools/of/of_v0.7.4_osx_release/addons/ofxOsc/libs/oscpack/src/osc/OscTypes.cpp; sourceTree = SOURCE_ROOT; };
		2107dbf505ec44ef41944271264560e7 /* UdpSocket.cpp */ = {isa = PBXFileReference; explicitFileType = sourcecode.cpp.cpp; fileEncoding = 30; name = UdpSocket.cpp; path = ../../../../../../tools/of/of_v0.7.4_osx_release/addons/ofxOsc/libs/oscpack/src/ip/posix/UdpSocket.cpp; sourceTree = SOURCE_ROOT; };
		21642136e60c5c024425f6c920cbbc0c /* ofxOscSender.h */ = {isa = PBXFileReference; explicitFileType = sourcecode.c.h; fileEncoding = 30; name = ofxOscSender.h; path = ../../../../../../tools/of/of_v0.7.4_osx_release/addons/ofxOsc/src/ofxOscSender.h; sourceTree = SOURCE_ROOT; };
		24b80174c691404258845b67b5a2e01e /* ofxUIMinimalSlider.h */ = {isa = PBXFileReference; explicitFileType = sourcecode.c.h; fileEncoding = 30; name = ofxUIMinimalSlider.h; path = ../../../../../../tools/of/of_v0.7.4_osx_release/addons/ofxUI/src/ofxUIMinimalSlider.h; sourceTree = SOURCE_ROOT; };
		251cb82e8478331d0bafffa5e5acd17e /* ofxUIBiLabelSlider.h */ = {isa = PBXFileReference; explicitFileType = sourcecode.c.h; fileEncoding = 30; name = ofxUIBiLabelSlider.h; path = ../../../../../../tools/of/of_v0.7.4_osx_release/addons/ofxUI/src/ofxUIBiLabelSlider.h; sourceTree = SOURCE_ROOT; };
		267364041424d22258c5266aa62f0a52 /* ofxUIOFWrapper.h */ = {isa = PBXFileReference; explicitFileType = sourcecode.c.h; fileEncoding = 30; name = ofxUIOFWrapper.h; path = ../../../../../../tools/of/of_v0.7.4_osx_release/addons/ofxUI/src/ofxUIOFWrapper.h; sourceTree = SOURCE_ROOT; };
		278128c559a7386bef9c277988bfa1c9 /* ofxUICustomImageButton.h */ = {isa = PBXFileReference; explicitFileType = sourcecode.c.h; fileEncoding = 30; name = ofxUICustomImageButton.h; path = ../../../../../../tools/of/of_v0.7.4_osx_release/addons/ofxUI/src/ofxUICustomImageButton.h; sourceTree = SOURCE_ROOT; };
		298b48dc366216c2b19e5976f37241e8 /* ofxUISpectrum.h */ = {isa = PBXFileReference; explicitFileType = sourcecode.c.h; fileEncoding = 30; name = ofxUISpectrum.h; path = ../../../../../../tools/of/of_v0.7.4_osx_release/addons/ofxUI/src/ofxUISpectrum.h; sourceTree = SOURCE_ROOT; };
		2AABAD3A18E382FB00F7E388 /* README.md */ = {isa = PBXFileReference; fileEncoding = 4; lastKnownFileType = text; path = README.md; sourceTree = "<group>"; };
		2AABAD3C18E382FB00F7E388 /* ofxControlease.cpp */ = {isa = PBXFileReference; fileEncoding = 4; lastKnownFileType = sourcecode.cpp.cpp; path = ofxControlease.cpp; sourceTree = "<group>"; };
		2AABAD3D18E382FB00F7E388 /* ofxControlease.h */ = {isa = PBXFileReference; fileEncoding = 4; lastKnownFileType = sourcecode.c.h; path = ofxControlease.h; sourceTree = "<group>"; };
		2f780097b4650c2225d7e3980f0d7ec2 /* ofxUIBaseDraws.h */ = {isa = PBXFileReference; explicitFileType = sourcecode.c.h; fileEncoding = 30; name = ofxUIBaseDraws.h; path = ../../../../../../tools/of/of_v0.7.4_osx_release/addons/ofxUI/src/ofxUIBaseDraws.h; sourceTree = SOURCE_ROOT; };
		31044cf58a648ea67bb78c3f8b8989ef /* OscPacketListener.h */ = {isa = PBXFileReference; explicitFileType = sourcecode.c.h; fileEncoding = 30; name = OscPacketListener.h; path = ../../../../../../tools/of/of_v0.7.4_osx_release/addons/ofxOsc/libs/oscpack/src/osc/OscPacketListener.h; sourceTree = SOURCE_ROOT; };
		3179ec594bdde4f961e6b56dbe4c3107 /* ofxUIUtils.h */ = {isa = PBXFileReference; explicitFileType = sourcecode.c.h; fileEncoding = 30; name = ofxUIUtils.h; path = ../../../../../../tools/of/of_v0.7.4_osx_release/addons/ofxUI/src/ofxUIUtils.h; sourceTree = SOURCE_ROOT; };
		3834dcbcf45a36e3abc4a50231acf5e4 /* ofxUIWidgetWithLabel.h */ = {isa = PBXFileReference; explicitFileType = sourcecode.c.h; fileEncoding = 30; name = ofxUIWidgetWithLabel.h; path = ../../../../../../tools/of/of_v0.7.4_osx_release/addons/ofxUI/src/ofxUIWidgetWithLabel.h; sourceTree = SOURCE_ROOT; };
		3e38cd0a6bf5cfc1304aedaa68522479 /* OscException.h */ = {isa = PBXFileReference; explicitFileType = sourcecode.c.h; fileEncoding = 30; name = OscException.h; path = ../../../../../../tools/of/of_v0.7.4_osx_release/addons/ofxOsc/libs/oscpack/src/osc/OscException.h; sourceTree = SOURCE_ROOT; };
		40297f2beabfc6b7ff487cf816aee735 /* ofxUICircleSlider.h */ = {isa = PBXFileReference; explicitFileType = sourcecode.c.h; fileEncoding = 30; name = ofxUICircleSlider.h; path = ../../../../../../tools/of/of_v0.7.4_osx_release/addons/ofxUI/src/ofxUICircleSlider.h; sourceTree = SOURCE_ROOT; };
		4116541633239bbe3542debedaa4217a /* IpEndpointName.cpp */ = {isa = PBXFileReference; explicitFileType = sourcecode.cpp.cpp; fileEncoding = 30; name = IpEndpointName.cpp; path = ../../../../../../tools/of/of_v0.7.4_osx_release/addons/ofxOsc/libs/oscpack/src/ip/IpEndpointName.cpp; sourceTree = SOURCE_ROOT; };
		41fe0b1847cac08cc5c7c7e334ab67f7 /* UdpSocket.h */ = {isa = PBXFileReference; explicitFileType = sourcecode.c.h; fileEncoding = 30; name = UdpSocket.h; path = ../../../../../../tools/of/of_v0.7.4_osx_release/addons/ofxOsc/libs/oscpack/src/ip/UdpSocket.h; sourceTree = SOURCE_ROOT; };
		44797f9be5e6650c998dfcd8e425f47c /* ofxUIMultiImageSlider.h */ = {isa = PBXFileReference; explicitFileType = sourcecode.c.h; fileEncoding = 30; name = ofxUIMultiImageSlider.h; path = ../../../../../../tools/of/of_v0.7.4_osx_release/addons/ofxUI/src/ofxUIMultiImageSlider.h; sourceTree = SOURCE_ROOT; };
		4aa49dafa6fb96689420664f05237d9a /* OscTypes.h */ = {isa = PBXFileReference; explicitFileType = sourcecode.c.h; fileEncoding = 30; name = OscTypes.h; path = ../../../../../../tools/of/of_v0.7.4_osx_release/addons/ofxOsc/libs/oscpack/src/osc/OscTypes.h; sourceTree = SOURCE_ROOT; };
		4aea115b2e21973a272e2d91fb3fa276 /* tinyxmlerror.cpp */ = {isa = PBXFileReference; explicitFileType = sourcecode.cpp.cpp; fileEncoding = 30; name = tinyxmlerror.cpp; path = ../../../../../../tools/of/of_v0.7.4_osx_release/addons/ofxXmlSettings/libs/tinyxmlerror.cpp; sourceTree = SOURCE_ROOT; };
		4cf46626f15933bcd8e240c05c6aeffc /* ofxUIMultiImageButton.h */ = {isa = PBXFileReference; explicitFileType = sourcecode.c.h; fileEncoding = 30; name = ofxUIMultiImageButton.h; path = ../../../../../../tools/of/of_v0.7.4_osx_release/addons/ofxUI/src/ofxUIMultiImageButton.h; sourceTree = SOURCE_ROOT; };
		4e2fd98b81bbfc747e6b441f33ac0ef3 /* OscReceivedElements.h */ = {isa = PBXFileReference; explicitFileType = sourcecode.c.h; fileEncoding = 30; name = OscReceivedElements.h; path = ../../../../../../tools/of/of_v0.7.4_osx_release/addons/ofxOsc/libs/oscpack/src/osc/OscReceivedElements.h; sourceTree = SOURCE_ROOT; };
		500c6b79febbb2b2131273fac946b89d /* ofxUI2DPad.h */ = {isa = PBXFileReference; explicitFileType = sourcecode.c.h; fileEncoding = 30; name = ofxUI2DPad.h; path = ../../../../../../tools/of/of_v0.7.4_osx_release/addons/ofxUI/src/ofxUI2DPad.h; sourceTree = SOURCE_ROOT; };
		524e30e8675dc044e54765db48efd502 /* ofxOscBundle.h */ = {isa = PBXFileReference; explicitFileType = sourcecode.c.h; fileEncoding = 30; name = ofxOscBundle.h; path = ../../../../../../tools/of/of_v0.7.4_osx_release/addons/ofxOsc/src/ofxOscBundle.h; sourceTree = SOURCE_ROOT; };
		53a304bb146ebea920639696cf88b97f /* ofxUIRadio.h */ = {isa = PBXFileReference; explicitFileType = sourcecode.c.h; fileEncoding = 30; name = ofxUIRadio.h; path = ../../../../../../tools/of/of_v0.7.4_osx_release/addons/ofxUI/src/ofxUIRadio.h; sourceTree = SOURCE_ROOT; };
		557259d7db643fe595c86f22c03027e8 /* ofxUITextInput.h */ = {isa = PBXFileReference; explicitFileType = sourcecode.c.h; fileEncoding = 30; name = ofxUITextInput.h; path = ../../../../../../tools/of/of_v0.7.4_osx_release/addons/ofxUI/src/ofxUITextInput.h; sourceTree = SOURCE_ROOT; };
		5da81324edd054c7bd76cd412feab2ca /* ofxUIFPSSlider.h */ = {isa = PBXFileReference; explicitFileType = sourcecode.c.h; fileEncoding = 30; name = ofxUIFPSSlider.h; path = ../../../../../../tools/of/of_v0.7.4_osx_release/addons/ofxUI/src/ofxUIFPSSlider.h; sourceTree = SOURCE_ROOT; };
		62fdbadff0e799ba644adc95428db31b /* OscHostEndianness.h */ = {isa = PBXFileReference; explicitFileType = sourcecode.c.h; fileEncoding = 30; name = OscHostEndianness.h; path = ../../../../../../tools/of/of_v0.7.4_osx_release/addons/ofxOsc/libs/oscpack/src/osc/OscHostEndianness.h; sourceTree = SOURCE_ROOT; };
		64b64209e2ec1c91f54a4cb25ebbce15 /* ofxOscSender.cpp */ = {isa = PBXFileReference; explicitFileType = sourcecode.cpp.cpp; fileEncoding = 30; name = ofxOscSender.cpp; path = ../../../../../../tools/of/of_v0.7.4_osx_release/addons/ofxOsc/src/ofxOscSender.cpp; sourceTree = SOURCE_ROOT; };
		69e61695639719c1a04ea9a8129b557a /* ofxUIImageButton.h */ = {isa = PBXFileReference; explicitFileType = sourcecode.c.h; fileEncoding = 30; name = ofxUIImageButton.h; path = ../../../../../../tools/of/of_v0.7.4_osx_release/addons/ofxUI/src/ofxUIImageButton.h; sourceTree = SOURCE_ROOT; };
		723a541850f8893d0348d692c2a2a583 /* tinyxmlparser.cpp */ = {isa = PBXFileReference; explicitFileType = sourcecode.cpp.cpp; fileEncoding = 30; name = tinyxmlparser.cpp; path = ../../../../../../tools/of/of_v0.7.4_osx_release/addons/ofxXmlSettings/libs/tinyxmlparser.cpp; sourceTree = SOURCE_ROOT; };
		7395c2dc51a9c45f3f7f7b5bd203c144 /* ofxUISlider.h */ = {isa = PBXFileReference; explicitFileType = sourcecode.c.h; fileEncoding = 30; name = ofxUISlider.h; path = ../../../../../../tools/of/of_v0.7.4_osx_release/addons/ofxUI/src/ofxUISlider.h; sourceTree = SOURCE_ROOT; };
		79177805f51ac3ff787471c5415aa8c6 /* ofxUIRotarySlider.h */ = {isa = PBXFileReference; explicitFileType = sourcecode.c.h; fileEncoding = 30; name = ofxUIRotarySlider.h; path = ../../../../../../tools/of/of_v0.7.4_osx_release/addons/ofxUI/src/ofxUIRotarySlider.h; sourceTree = SOURCE_ROOT; };
		7acbe727bb00ac843d6e44042da09733 /* OscPrintReceivedElements.cpp */ = {isa = PBXFileReference; explicitFileType = sourcecode.cpp.cpp; fileEncoding = 30; name = OscPrintReceivedElements.cpp; path = ../../../../../../tools/of/of_v0.7.4_osx_release/addons/ofxOsc/libs/oscpack/src/osc/OscPrintReceivedElements.cpp; sourceTree = SOURCE_ROOT; };
		7d9800eea60dfbfff458f7066809092d /* ofxUILabelButton.h */ = {isa = PBXFileReference; explicitFileType = sourcecode.c.h; fileEncoding = 30; name = ofxUILabelButton.h; path = ../../../../../../tools/of/of_v0.7.4_osx_release/addons/ofxUI/src/ofxUILabelButton.h; sourceTree = SOURCE_ROOT; };
		7db8925ad6dacfa2ff9003c76fb5ebe7 /* ofxOscArg.h */ = {isa = PBXFileReference; explicitFileType = sourcecode.c.h; fileEncoding = 30; name = ofxOscArg.h; path = ../../../../../../tools/of/of_v0.7.4_osx_release/addons/ofxOsc/src/ofxOscArg.h; sourceTree = SOURCE_ROOT; };
		7f4ef3bf964eb036ee870f3ffdd3a4db /* ofxOsc.h */ = {isa = PBXFileReference; explicitFileType = sourcecode.c.h; fileEncoding = 30; name = ofxOsc.h; path = ../../../../../../tools/of/of_v0.7.4_osx_release/addons/ofxOsc/src/ofxOsc.h; sourceTree = SOURCE_ROOT; };
		8096c559e7bda09c3d9bb62803f20d90 /* ofxUIRectangle.h */ = {isa = PBXFileReference; explicitFileType = sourcecode.c.h; fileEncoding = 30; name = ofxUIRectangle.h; path = ../../../../../../tools/of/of_v0.7.4_osx_release/addons/ofxUI/src/ofxUIRectangle.h; sourceTree = SOURCE_ROOT; };
		8a7590536cfa6ecb46cef25b08d5a4f3 /* ofxUIWidget.h */ = {isa = PBXFileReference; explicitFileType = sourcecode.c.h; fileEncoding = 30; name = ofxUIWidget.h; path = ../../../../../../tools/of/of_v0.7.4_osx_release/addons/ofxUI/src/ofxUIWidget.h; sourceTree = SOURCE_ROOT; };
		8d895833e7963eaa5b928a885aac1657 /* ofxUILabel.h */ = {isa = PBXFileReference; explicitFileType = sourcecode.c.h; fileEncoding = 30; name = ofxUILabel.h; path = ../../../../../../tools/of/of_v0.7.4_osx_release/addons/ofxUI/src/ofxUILabel.h; sourceTree = SOURCE_ROOT; };
		95909a9efc90edca39315504c2442296 /* PacketListener.h */ = {isa = PBXFileReference; explicitFileType = sourcecode.c.h; fileEncoding = 30; name = PacketListener.h; path = ../../../../../../tools/of/of_v0.7.4_osx_release/addons/ofxOsc/libs/oscpack/src/ip/PacketListener.h; sourceTree = SOURCE_ROOT; };
		96ef76deed902b8892efdc58932fe373 /* ofxUIToggleMatrix.h */ = {isa = PBXFileReference; explicitFileType = sourcecode.c.h; fileEncoding = 30; name = ofxUIToggleMatrix.h; path = ../../../../../../tools/of/of_v0.7.4_osx_release/addons/ofxUI/src/ofxUIToggleMatrix.h; sourceTree = SOURCE_ROOT; };
		97aed9d8be4996eefcc8eb988e84b1f2 /* ofxUIMovingGraph.h */ = {isa = PBXFileReference; explicitFileType = sourcecode.c.h; fileEncoding = 30; name = ofxUIMovingGraph.h; path = ../../../../../../tools/of/of_v0.7.4_osx_release/addons/ofxUI/src/ofxUIMovingGraph.h; sourceTree = SOURCE_ROOT; };
		97f10ab8425cc68110884d9dd47f0bc7 /* tinyxml.h */ = {isa = PBXFileReference; explicitFileType = sourcecode.c.h; fileEncoding = 30; name = tinyxml.h; path = ../../../../../../tools/of/of_v0.7.4_osx_release/addons/ofxXmlSettings/libs/tinyxml.h; sourceTree = SOURCE_ROOT; };
		9afc081cc865bf2ab848399d8e7594a6 /* NetworkingUtilsWin.cpp */ = {isa = PBXFileReference; explicitFileType = sourcecode.cpp.cpp; fileEncoding = 30; name = NetworkingUtilsWin.cpp; path = ../../../../../../tools/of/of_v0.7.4_osx_release/addons/ofxOsc/libs/oscpack/src/ip/win32/NetworkingUtilsWin.cpp; sourceTree = SOURCE_ROOT; };
		9b1dff0fda1d7ebc5c51f50d44164ce8 /* ofxUICanvas.h */ = {isa = PBXFileReference; explicitFileType = sourcecode.c.h; fileEncoding = 30; name = ofxUICanvas.h; path = ../../../../../../tools/of/of_v0.7.4_osx_release/addons/ofxUI/src/ofxUICanvas.h; sourceTree = SOURCE_ROOT; };
		9c3a90285cbd3194550cb84d6022f8ae /* ofxUITabBar.h */ = {isa = PBXFileReference; explicitFileType = sourcecode.c.h; fileEncoding = 30; name = ofxUITabBar.h; path = ../../../../../../tools/of/of_v0.7.4_osx_release/addons/ofxUI/src/ofxUITabBar.h; sourceTree = SOURCE_ROOT; };
		9d3522459c91eb21347becdaf8fe2bc8 /* ofxUIDropDownList.h */ = {isa = PBXFileReference; explicitFileType = sourcecode.c.h; fileEncoding = 30; name = ofxUIDropDownList.h; path = ../../../../../../tools/of/of_v0.7.4_osx_release/addons/ofxUI/src/ofxUIDropDownList.h; sourceTree = SOURCE_ROOT; };
		BBAB23BE13894E4700AA2426 /* GLUT.framework */ = {isa = PBXFileReference; lastKnownFileType = wrapper.framework; name = GLUT.framework; path = ../../../../../../tools/of/of_v0.7.4_osx_release/libs/glut/lib/osx/GLUT.framework; sourceTree = "<group>"; };
		E4328143138ABC890047C5CB /* openFrameworksLib.xcodeproj */ = {isa = PBXFileReference; lastKnownFileType = "wrapper.pb-project"; name = openFrameworksLib.xcodeproj; path = ../../../../../../tools/of/of_v0.7.4_osx_release/libs/openFrameworksCompiled/project/osx/openFrameworksLib.xcodeproj; sourceTree = SOURCE_ROOT; };
		E45BE9710E8CC7DD009D7055 /* AGL.framework */ = {isa = PBXFileReference; lastKnownFileType = wrapper.framework; name = AGL.framework; path = /System/Library/Frameworks/AGL.framework; sourceTree = "<absolute>"; };
		E45BE9720E8CC7DD009D7055 /* ApplicationServices.framework */ = {isa = PBXFileReference; lastKnownFileType = wrapper.framework; name = ApplicationServices.framework; path = /System/Library/Frameworks/ApplicationServices.framework; sourceTree = "<absolute>"; };
		E45BE9730E8CC7DD009D7055 /* AudioToolbox.framework */ = {isa = PBXFileReference; lastKnownFileType = wrapper.framework; name = AudioToolbox.framework; path = /System/Library/Frameworks/AudioToolbox.framework; sourceTree = "<absolute>"; };
		E45BE9740E8CC7DD009D7055 /* Carbon.framework */ = {isa = PBXFileReference; lastKnownFileType = wrapper.framework; name = Carbon.framework; path = /System/Library/Frameworks/Carbon.framework; sourceTree = "<absolute>"; };
		E45BE9750E8CC7DD009D7055 /* CoreAudio.framework */ = {isa = PBXFileReference; lastKnownFileType = wrapper.framework; name = CoreAudio.framework; path = /System/Library/Frameworks/CoreAudio.framework; sourceTree = "<absolute>"; };
		E45BE9760E8CC7DD009D7055 /* CoreFoundation.framework */ = {isa = PBXFileReference; lastKnownFileType = wrapper.framework; name = CoreFoundation.framework; path = /System/Library/Frameworks/CoreFoundation.framework; sourceTree = "<absolute>"; };
		E45BE9770E8CC7DD009D7055 /* CoreServices.framework */ = {isa = PBXFileReference; lastKnownFileType = wrapper.framework; name = CoreServices.framework; path = /System/Library/Frameworks/CoreServices.framework; sourceTree = "<absolute>"; };
		E45BE9790E8CC7DD009D7055 /* OpenGL.framework */ = {isa = PBXFileReference; lastKnownFileType = wrapper.framework; name = OpenGL.framework; path = /System/Library/Frameworks/OpenGL.framework; sourceTree = "<absolute>"; };
		E45BE97A0E8CC7DD009D7055 /* QuickTime.framework */ = {isa = PBXFileReference; lastKnownFileType = wrapper.framework; name = QuickTime.framework; path = /System/Library/Frameworks/QuickTime.framework; sourceTree = "<absolute>"; };
		E4B69B5B0A3A1756003C02F2 /* drawingAppDebug.app */ = {isa = PBXFileReference; explicitFileType = wrapper.application; includeInIndex = 0; path = drawingAppDebug.app; sourceTree = BUILT_PRODUCTS_DIR; };
		E4B69E1D0A3A1BDC003C02F2 /* main.cpp */ = {isa = PBXFileReference; fileEncoding = 30; lastKnownFileType = sourcecode.cpp.cpp; name = main.cpp; path = src/main.cpp; sourceTree = SOURCE_ROOT; };
		E4B69E1E0A3A1BDC003C02F2 /* testApp.cpp */ = {isa = PBXFileReference; explicitFileType = sourcecode.cpp.cpp; fileEncoding = 30; name = testApp.cpp; path = src/testApp.cpp; sourceTree = SOURCE_ROOT; };
		E4B69E1F0A3A1BDC003C02F2 /* testApp.h */ = {isa = PBXFileReference; fileEncoding = 30; lastKnownFileType = sourcecode.c.h; name = testApp.h; path = src/testApp.h; sourceTree = SOURCE_ROOT; };
		E4B6FCAD0C3E899E008CF71C /* openFrameworks-Info.plist */ = {isa = PBXFileReference; fileEncoding = 30; lastKnownFileType = text.plist.xml; path = "openFrameworks-Info.plist"; sourceTree = "<group>"; };
		E4C2424410CC5A17004149E2 /* AppKit.framework */ = {isa = PBXFileReference; lastKnownFileType = wrapper.framework; name = AppKit.framework; path = /System/Library/Frameworks/AppKit.framework; sourceTree = "<absolute>"; };
		E4C2424510CC5A17004149E2 /* Cocoa.framework */ = {isa = PBXFileReference; lastKnownFileType = wrapper.framework; name = Cocoa.framework; path = /System/Library/Frameworks/Cocoa.framework; sourceTree = "<absolute>"; };
		E4C2424610CC5A17004149E2 /* IOKit.framework */ = {isa = PBXFileReference; lastKnownFileType = wrapper.framework; name = IOKit.framework; path = /System/Library/Frameworks/IOKit.framework; sourceTree = "<absolute>"; };
		E4EB691F138AFCF100A09F29 /* CoreOF.xcconfig */ = {isa = PBXFileReference; fileEncoding = 4; lastKnownFileType = text.xcconfig; name = CoreOF.xcconfig; path = ../../../../../../tools/of/of_v0.7.4_osx_release/libs/openFrameworksCompiled/project/osx/CoreOF.xcconfig; sourceTree = SOURCE_ROOT; };
		E4EB6923138AFD0F00A09F29 /* Project.xcconfig */ = {isa = PBXFileReference; fileEncoding = 4; lastKnownFileType = text.xcconfig; path = Project.xcconfig; sourceTree = "<group>"; };
		E7E077E415D3B63C0020DFD4 /* CoreVideo.framework */ = {isa = PBXFileReference; lastKnownFileType = wrapper.framework; name = CoreVideo.framework; path = /System/Library/Frameworks/CoreVideo.framework; sourceTree = "<absolute>"; };
		E7E077E715D3B6510020DFD4 /* QTKit.framework */ = {isa = PBXFileReference; lastKnownFileType = wrapper.framework; name = QTKit.framework; path = /System/Library/Frameworks/QTKit.framework; sourceTree = "<absolute>"; };
		E7F985F515E0DE99003869B5 /* Accelerate.framework */ = {isa = PBXFileReference; lastKnownFileType = wrapper.framework; name = Accelerate.framework; path = /System/Library/Frameworks/Accelerate.framework; sourceTree = "<absolute>"; };
		a1ebf4c4ea1a64cedddc71ba8cf889cf /* ofxUIIntSlider.h */ = {isa = PBXFileReference; explicitFileType = sourcecode.c.h; fileEncoding = 30; name = ofxUIIntSlider.h; path = ../../../../../../tools/of/of_v0.7.4_osx_release/addons/ofxUI/src/ofxUIIntSlider.h; sourceTree = SOURCE_ROOT; };
		a34d2ae5b304aa699bba1f4b66328bbc /* OscReceivedElements.cpp */ = {isa = PBXFileReference; explicitFileType = sourcecode.cpp.cpp; fileEncoding = 30; name = OscReceivedElements.cpp; path = ../../../../../../tools/of/of_v0.7.4_osx_release/addons/ofxOsc/libs/oscpack/src/osc/OscReceivedElements.cpp; sourceTree = SOURCE_ROOT; };
		a434c0f4461dd80b519a8e747c0167e5 /* OscPrintReceivedElements.h */ = {isa = PBXFileReference; explicitFileType = sourcecode.c.h; fileEncoding = 30; name = OscPrintReceivedElements.h; path = ../../../../../../tools/of/of_v0.7.4_osx_release/addons/ofxOsc/libs/oscpack/src/osc/OscPrintReceivedElements.h; sourceTree = SOURCE_ROOT; };
		a4f0c382fcafa85b93cfa1237c913226 /* ofxUIImage.h */ = {isa = PBXFileReference; explicitFileType = sourcecode.c.h; fileEncoding = 30; name = ofxUIImage.h; path = ../../../../../../tools/of/of_v0.7.4_osx_release/addons/ofxUI/src/ofxUIImage.h; sourceTree = SOURCE_ROOT; };
		ab0d48b540d60667c26a15868cc0e904 /* ofxUISpacer.h */ = {isa = PBXFileReference; explicitFileType = sourcecode.c.h; fileEncoding = 30; name = ofxUISpacer.h; path = ../../../../../../tools/of/of_v0.7.4_osx_release/addons/ofxUI/src/ofxUISpacer.h; sourceTree = SOURCE_ROOT; };
		b0d7a8d62adf8eb3c8203109559c6118 /* UdpSocketWin.cpp */ = {isa = PBXFileReference; explicitFileType = sourcecode.cpp.cpp; fileEncoding = 30; name = UdpSocketWin.cpp; path = ../../../../../../tools/of/of_v0.7.4_osx_release/addons/ofxOsc/libs/oscpack/src/ip/win32/UdpSocketWin.cpp; sourceTree = SOURCE_ROOT; };
		b13f70bfd622cf5048afc94d3b6f1e62 /* ofxUINumberDialer.h */ = {isa = PBXFileReference; explicitFileType = sourcecode.c.h; fileEncoding = 30; name = ofxUINumberDialer.h; path = ../../../../../../tools/of/of_v0.7.4_osx_release/addons/ofxUI/src/ofxUINumberDialer.h; sourceTree = SOURCE_ROOT; };
		ba58347b3242d5b8873da5a429fca531 /* ofxOscBundle.cpp */ = {isa = PBXFileReference; explicitFileType = sourcecode.cpp.cpp; fileEncoding = 30; name = ofxOscBundle.cpp; path = ../../../../../../tools/of/of_v0.7.4_osx_release/addons/ofxOsc/src/ofxOscBundle.cpp; sourceTree = SOURCE_ROOT; };
		beb81f32936772af92627a8a1ce328e7 /* ofxOscMessage.cpp */ = {isa = PBXFileReference; explicitFileType = sourcecode.cpp.cpp; fileEncoding = 30; name = ofxOscMessage.cpp; path = ../../../../../../tools/of/of_v0.7.4_osx_release/addons/ofxOsc/src/ofxOscMessage.cpp; sourceTree = SOURCE_ROOT; };
		bedb1f616f36bbd766ea4922d2d35ce1 /* NetworkingUtils.h */ = {isa = PBXFileReference; explicitFileType = sourcecode.c.h; fileEncoding = 30; name = NetworkingUtils.h; path = ../../../../../../tools/of/of_v0.7.4_osx_release/addons/ofxOsc/libs/oscpack/src/ip/NetworkingUtils.h; sourceTree = SOURCE_ROOT; };
		c1d2d6697b443f6415e6943ef4967af8 /* ofxUI.h */ = {isa = PBXFileReference; explicitFileType = sourcecode.c.h; fileEncoding = 30; name = ofxUI.h; path = ../../../../../../tools/of/of_v0.7.4_osx_release/addons/ofxUI/src/ofxUI.h; sourceTree = SOURCE_ROOT; };
		c27d112991168a030c864ba8476005a1 /* NetworkingUtils.cpp */ = {isa = PBXFileReference; explicitFileType = sourcecode.cpp.cpp; fileEncoding = 30; name = NetworkingUtils.cpp; path = ../../../../../../tools/of/of_v0.7.4_osx_release/addons/ofxOsc/libs/oscpack/src/ip/posix/NetworkingUtils.cpp; sourceTree = SOURCE_ROOT; };
		c5d6812df925fb7e2070b775e5b28143 /* ofxUIValuePlotter.h */ = {isa = PBXFileReference; explicitFileType = sourcecode.c.h; fileEncoding = 30; name = ofxUIValuePlotter.h; path = ../../../../../../tools/of/of_v0.7.4_osx_release/addons/ofxUI/src/ofxUIValuePlotter.h; sourceTree = SOURCE_ROOT; };
		d045b1b4ad6aa55a13d3ef499123f3a3 /* ofxUITextArea.h */ = {isa = PBXFileReference; explicitFileType = sourcecode.c.h; fileEncoding = 30; name = ofxUITextArea.h; path = ../../../../../../tools/of/of_v0.7.4_osx_release/addons/ofxUI/src/ofxUITextArea.h; sourceTree = SOURCE_ROOT; };
		d6ca8691f05d178a2599365c53e338dc /* IpEndpointName.h */ = {isa = PBXFileReference; explicitFileType = sourcecode.c.h; fileEncoding = 30; name = IpEndpointName.h; path = ../../../../../../tools/of/of_v0.7.4_osx_release/addons/ofxOsc/libs/oscpack/src/ip/IpEndpointName.h; sourceTree = SOURCE_ROOT; };
		d74979cf264172575cce6d54f47eafd2 /* MessageMappingOscPacketListener.h */ = {isa = PBXFileReference; explicitFileType = sourcecode.c.h; fileEncoding = 30; name = MessageMappingOscPacketListener.h; path = ../../../../../../tools/of/of_v0.7.4_osx_release/addons/ofxOsc/libs/oscpack/src/osc/MessageMappingOscPacketListener.h; sourceTree = SOURCE_ROOT; };
		d858dea08c6e3dddbebea1f95ef3f229 /* ofxUIImageSampler.h */ = {isa = PBXFileReference; explicitFileType = sourcecode.c.h; fileEncoding = 30; name = ofxUIImageSampler.h; path = ../../../../../../tools/of/of_v0.7.4_osx_release/addons/ofxUI/src/ofxUIImageSampler.h; sourceTree = SOURCE_ROOT; };
		d97291070452cafd55da710a0a76cde4 /* ofxUIImageSlider.h */ = {isa = PBXFileReference; explicitFileType = sourcecode.c.h; fileEncoding = 30; name = ofxUIImageSlider.h; path = ../../../../../../tools/of/of_v0.7.4_osx_release/addons/ofxUI/src/ofxUIImageSlider.h; sourceTree = SOURCE_ROOT; };
		d9b89781005895118f6929dcdf38c2e3 /* OscOutboundPacketStream.cpp */ = {isa = PBXFileReference; explicitFileType = sourcecode.cpp.cpp; fileEncoding = 30; name = OscOutboundPacketStream.cpp; path = ../../../../../../tools/of/of_v0.7.4_osx_release/addons/ofxOsc/libs/oscpack/src/osc/OscOutboundPacketStream.cpp; sourceTree = SOURCE_ROOT; };
		da8d513e52fc416b324f4a87617e7275 /* ofxUISuperCanvas.h */ = {isa = PBXFileReference; explicitFileType = sourcecode.c.h; fileEncoding = 30; name = ofxUISuperCanvas.h; path = ../../../../../../tools/of/of_v0.7.4_osx_release/addons/ofxUI/src/ofxUISuperCanvas.h; sourceTree = SOURCE_ROOT; };
		daee07f7d454d678e5aa80f597c3010e /* ofxOscMessage.h */ = {isa = PBXFileReference; explicitFileType = sourcecode.c.h; fileEncoding = 30; name = ofxOscMessage.h; path = ../../../../../../tools/of/of_v0.7.4_osx_release/addons/ofxOsc/src/ofxOscMessage.h; sourceTree = SOURCE_ROOT; };
		e0b2b4ef89e74e57cc9322c9015f066e /* ofxUIButton.h */ = {isa = PBXFileReference; explicitFileType = sourcecode.c.h; fileEncoding = 30; name = ofxUIButton.h; path = ../../../../../../tools/of/of_v0.7.4_osx_release/addons/ofxUI/src/ofxUIButton.h; sourceTree = SOURCE_ROOT; };
		e3360a5701a30046a45c5f10bb6becad /* ofxUIEventArgs.h */ = {isa = PBXFileReference; explicitFileType = sourcecode.c.h; fileEncoding = 30; name = ofxUIEventArgs.h; path = ../../../../../../tools/of/of_v0.7.4_osx_release/addons/ofxUI/src/ofxUIEventArgs.h; sourceTree = SOURCE_ROOT; };
		e5e50b3ef79d5ae4f3b3861e7b39fc3f /* ofxUIWaveform.h */ = {isa = PBXFileReference; explicitFileType = sourcecode.c.h; fileEncoding = 30; name = ofxUIWaveform.h; path = ../../../../../../tools/of/of_v0.7.4_osx_release/addons/ofxUI/src/ofxUIWaveform.h; sourceTree = SOURCE_ROOT; };
		e6aac026f6a2e8d5eb18bf7bc6e89872 /* ofxOscReceiver.cpp */ = {isa = PBXFileReference; explicitFileType = sourcecode.cpp.cpp; fileEncoding = 30; name = ofxOscReceiver.cpp; path = ../../../../../../tools/of/of_v0.7.4_osx_release/addons/ofxOsc/src/ofxOscReceiver.cpp; sourceTree = SOURCE_ROOT; };
		ebc5592d8b455b0686cbc71119b8ae51 /* ofxUIImageToggle.h */ = {isa = PBXFileReference; explicitFileType = sourcecode.c.h; fileEncoding = 30; name = ofxUIImageToggle.h; path = ../../../../../../tools/of/of_v0.7.4_osx_release/addons/ofxUI/src/ofxUIImageToggle.h; sourceTree = SOURCE_ROOT; };
		ec980f0204339926efa31c191566dc1c /* tinyxml.cpp */ = {isa = PBXFileReference; explicitFileType = sourcecode.cpp.cpp; fileEncoding = 30; name = tinyxml.cpp; path = ../../../../../../tools/of/of_v0.7.4_osx_release/addons/ofxXmlSettings/libs/tinyxml.cpp; sourceTree = SOURCE_ROOT; };
		eca7e87aa607b018b1161f87d278c1fd /* ofxUIRangeSlider.h */ = {isa = PBXFileReference; explicitFileType = sourcecode.c.h; fileEncoding = 30; name = ofxUIRangeSlider.h; path = ../../../../../../tools/of/of_v0.7.4_osx_release/addons/ofxUI/src/ofxUIRangeSlider.h; sourceTree = SOURCE_ROOT; };
		f078e7b6a84cb9942a4d5d3931c233c6 /* ofxXmlSettings.cpp */ = {isa = PBXFileReference; explicitFileType = sourcecode.cpp.cpp; fileEncoding = 30; name = ofxXmlSettings.cpp; path = ../../../../../../tools/of/of_v0.7.4_osx_release/addons/ofxXmlSettings/src/ofxXmlSettings.cpp; sourceTree = SOURCE_ROOT; };
/* End PBXFileReference section */

/* Begin PBXFrameworksBuildPhase section */
		E4B69B590A3A1756003C02F2 /* Frameworks */ = {
			isa = PBXFrameworksBuildPhase;
			buildActionMask = 2147483647;
			files = (
				E7F985F815E0DEA3003869B5 /* Accelerate.framework in Frameworks */,
				E7E077E815D3B6510020DFD4 /* QTKit.framework in Frameworks */,
				E4EB6799138ADC1D00A09F29 /* GLUT.framework in Frameworks */,
				E4328149138ABC9F0047C5CB /* openFrameworksDebug.a in Frameworks */,
				E45BE97B0E8CC7DD009D7055 /* AGL.framework in Frameworks */,
				E45BE97C0E8CC7DD009D7055 /* ApplicationServices.framework in Frameworks */,
				E45BE97D0E8CC7DD009D7055 /* AudioToolbox.framework in Frameworks */,
				E45BE97E0E8CC7DD009D7055 /* Carbon.framework in Frameworks */,
				E45BE97F0E8CC7DD009D7055 /* CoreAudio.framework in Frameworks */,
				E45BE9800E8CC7DD009D7055 /* CoreFoundation.framework in Frameworks */,
				E45BE9810E8CC7DD009D7055 /* CoreServices.framework in Frameworks */,
				E45BE9830E8CC7DD009D7055 /* OpenGL.framework in Frameworks */,
				E45BE9840E8CC7DD009D7055 /* QuickTime.framework in Frameworks */,
				E4C2424710CC5A17004149E2 /* AppKit.framework in Frameworks */,
				E4C2424810CC5A17004149E2 /* Cocoa.framework in Frameworks */,
				E4C2424910CC5A17004149E2 /* IOKit.framework in Frameworks */,
				E7E077E515D3B63C0020DFD4 /* CoreVideo.framework in Frameworks */,
			);
			runOnlyForDeploymentPostprocessing = 0;
		};
/* End PBXFrameworksBuildPhase section */

/* Begin PBXGroup section */
		1f4fb5c423662b96adfdcc0badec1cb0 /* ofxXmlSettings */ = {
			isa = PBXGroup;
			children = (
				6ecef0d76bc33727823eadffc320c44d /* src */,
				6e54289412d2d94f45a051132369530c /* libs */,
			);
			name = ofxXmlSettings;
			sourceTree = "<group>";
		};
		2AABAD3918E382FB00F7E388 /* ofxControlease */ = {
			isa = PBXGroup;
			children = (
				2AABAD3A18E382FB00F7E388 /* README.md */,
				2AABAD3B18E382FB00F7E388 /* src */,
			);
			name = ofxControlease;
			path = ../../../../../../tools/of/of_v0.7.4_osx_release/addons/ofxControlease;
			sourceTree = "<group>";
		};
		2AABAD3B18E382FB00F7E388 /* src */ = {
			isa = PBXGroup;
			children = (
				2AABAD3C18E382FB00F7E388 /* ofxControlease.cpp */,
				2AABAD3D18E382FB00F7E388 /* ofxControlease.h */,
			);
			path = src;
			sourceTree = "<group>";
		};
		30cb364908817057b430d52805394cbc /* osc */ = {
			isa = PBXGroup;
			children = (
				d74979cf264172575cce6d54f47eafd2 /* MessageMappingOscPacketListener.h */,
				3e38cd0a6bf5cfc1304aedaa68522479 /* OscException.h */,
				62fdbadff0e799ba644adc95428db31b /* OscHostEndianness.h */,
				d9b89781005895118f6929dcdf38c2e3 /* OscOutboundPacketStream.cpp */,
				006f2f6af0dab1a63f0d4f1c5500c224 /* OscOutboundPacketStream.h */,
				31044cf58a648ea67bb78c3f8b8989ef /* OscPacketListener.h */,
				7acbe727bb00ac843d6e44042da09733 /* OscPrintReceivedElements.cpp */,
				a434c0f4461dd80b519a8e747c0167e5 /* OscPrintReceivedElements.h */,
				a34d2ae5b304aa699bba1f4b66328bbc /* OscReceivedElements.cpp */,
				4e2fd98b81bbfc747e6b441f33ac0ef3 /* OscReceivedElements.h */,
				1dde022b70b1a1f592d88c736a539a9f /* OscTypes.cpp */,
				4aa49dafa6fb96689420664f05237d9a /* OscTypes.h */,
			);
			name = osc;
			sourceTree = "<group>";
		};
		38871a5825686ae018ec2bf0e450fdae /* libs */ = {
			isa = PBXGroup;
			children = (
				86d2677079a3af4a5a88e29a7243e442 /* oscpack */,
			);
			name = libs;
			sourceTree = "<group>";
		};
		641362ca659fafee4e81001be7d8d43c /* posix */ = {
			isa = PBXGroup;
			children = (
				c27d112991168a030c864ba8476005a1 /* NetworkingUtils.cpp */,
				2107dbf505ec44ef41944271264560e7 /* UdpSocket.cpp */,
			);
			name = posix;
			sourceTree = "<group>";
		};
		6e54289412d2d94f45a051132369530c /* libs */ = {
			isa = PBXGroup;
			children = (
				ec980f0204339926efa31c191566dc1c /* tinyxml.cpp */,
				97f10ab8425cc68110884d9dd47f0bc7 /* tinyxml.h */,
				4aea115b2e21973a272e2d91fb3fa276 /* tinyxmlerror.cpp */,
				723a541850f8893d0348d692c2a2a583 /* tinyxmlparser.cpp */,
			);
			name = libs;
			sourceTree = "<group>";
		};
		6ecef0d76bc33727823eadffc320c44d /* src */ = {
			isa = PBXGroup;
			children = (
				f078e7b6a84cb9942a4d5d3931c233c6 /* ofxXmlSettings.cpp */,
				171ace836f45085401d2cdbaa51706e4 /* ofxXmlSettings.h */,
			);
			name = src;
			sourceTree = "<group>";
		};
		86d2677079a3af4a5a88e29a7243e442 /* oscpack */ = {
			isa = PBXGroup;
			children = (
				d27b2221a225ca523c01967633d9bd60 /* src */,
			);
			name = oscpack;
			sourceTree = "<group>";
		};
		BB4B014C10F69532006C3DED /* addons */ = {
			isa = PBXGroup;
			children = (
				2AABAD3918E382FB00F7E388 /* ofxControlease */,
				e6053ab7fec63d5f83825b880ce53c41 /* ofxOsc */,
				1f4fb5c423662b96adfdcc0badec1cb0 /* ofxXmlSettings */,
				a492ce86424ab8905550bfd831201a16 /* ofxUI */,
			);
			name = addons;
			sourceTree = "<group>";
		};
		BBAB23C913894ECA00AA2426 /* system frameworks */ = {
			isa = PBXGroup;
			children = (
				E7F985F515E0DE99003869B5 /* Accelerate.framework */,
				E4C2424410CC5A17004149E2 /* AppKit.framework */,
				E4C2424510CC5A17004149E2 /* Cocoa.framework */,
				E4C2424610CC5A17004149E2 /* IOKit.framework */,
				E45BE9710E8CC7DD009D7055 /* AGL.framework */,
				E45BE9720E8CC7DD009D7055 /* ApplicationServices.framework */,
				E45BE9730E8CC7DD009D7055 /* AudioToolbox.framework */,
				E45BE9740E8CC7DD009D7055 /* Carbon.framework */,
				E45BE9750E8CC7DD009D7055 /* CoreAudio.framework */,
				E45BE9760E8CC7DD009D7055 /* CoreFoundation.framework */,
				E45BE9770E8CC7DD009D7055 /* CoreServices.framework */,
				E45BE9790E8CC7DD009D7055 /* OpenGL.framework */,
				E45BE97A0E8CC7DD009D7055 /* QuickTime.framework */,
				E7E077E415D3B63C0020DFD4 /* CoreVideo.framework */,
				E7E077E715D3B6510020DFD4 /* QTKit.framework */,
			);
			name = "system frameworks";
			sourceTree = "<group>";
		};
		BBAB23CA13894EDB00AA2426 /* 3rd party frameworks */ = {
			isa = PBXGroup;
			children = (
				BBAB23BE13894E4700AA2426 /* GLUT.framework */,
			);
			name = "3rd party frameworks";
			sourceTree = "<group>";
		};
		E4328144138ABC890047C5CB /* Products */ = {
			isa = PBXGroup;
			children = (
				E4328148138ABC890047C5CB /* openFrameworksDebug.a */,
			);
			name = Products;
			sourceTree = "<group>";
		};
		E45BE5980E8CC70C009D7055 /* frameworks */ = {
			isa = PBXGroup;
			children = (
				BBAB23CA13894EDB00AA2426 /* 3rd party frameworks */,
				BBAB23C913894ECA00AA2426 /* system frameworks */,
			);
			name = frameworks;
			sourceTree = "<group>";
		};
		E4B69B4A0A3A1720003C02F2 = {
			isa = PBXGroup;
			children = (
				E4B6FCAD0C3E899E008CF71C /* openFrameworks-Info.plist */,
				E4EB6923138AFD0F00A09F29 /* Project.xcconfig */,
				E4B69E1C0A3A1BDC003C02F2 /* src */,
				E4EEC9E9138DF44700A80321 /* openFrameworks */,
				BB4B014C10F69532006C3DED /* addons */,
				E45BE5980E8CC70C009D7055 /* frameworks */,
				E4B69B5B0A3A1756003C02F2 /* drawingAppDebug.app */,
			);
			sourceTree = "<group>";
		};
		E4B69E1C0A3A1BDC003C02F2 /* src */ = {
			isa = PBXGroup;
			children = (
				E4B69E1D0A3A1BDC003C02F2 /* main.cpp */,
				E4B69E1E0A3A1BDC003C02F2 /* testApp.cpp */,
				E4B69E1F0A3A1BDC003C02F2 /* testApp.h */,
			);
			path = src;
			sourceTree = SOURCE_ROOT;
		};
		E4EEC9E9138DF44700A80321 /* openFrameworks */ = {
			isa = PBXGroup;
			children = (
				E4EB691F138AFCF100A09F29 /* CoreOF.xcconfig */,
				E4328143138ABC890047C5CB /* openFrameworksLib.xcodeproj */,
			);
			name = openFrameworks;
			sourceTree = "<group>";
		};
		a492ce86424ab8905550bfd831201a16 /* ofxUI */ = {
			isa = PBXGroup;
			children = (
				d60f85fe32e11f4003b80627506496ad /* src */,
			);
			name = ofxUI;
			sourceTree = "<group>";
		};
		ba6760ac87647dd61a92bd416dbd7a9c /* win32 */ = {
			isa = PBXGroup;
			children = (
				9afc081cc865bf2ab848399d8e7594a6 /* NetworkingUtilsWin.cpp */,
				b0d7a8d62adf8eb3c8203109559c6118 /* UdpSocketWin.cpp */,
			);
			name = win32;
			sourceTree = "<group>";
		};
		bd2f1a9f8d0c05edb29122d00a67c2a2 /* src */ = {
			isa = PBXGroup;
			children = (
				7f4ef3bf964eb036ee870f3ffdd3a4db /* ofxOsc.h */,
				7db8925ad6dacfa2ff9003c76fb5ebe7 /* ofxOscArg.h */,
				ba58347b3242d5b8873da5a429fca531 /* ofxOscBundle.cpp */,
				524e30e8675dc044e54765db48efd502 /* ofxOscBundle.h */,
				beb81f32936772af92627a8a1ce328e7 /* ofxOscMessage.cpp */,
				daee07f7d454d678e5aa80f597c3010e /* ofxOscMessage.h */,
				e6aac026f6a2e8d5eb18bf7bc6e89872 /* ofxOscReceiver.cpp */,
				05aacfca8f372ca8037f6bc1bff939eb /* ofxOscReceiver.h */,
				64b64209e2ec1c91f54a4cb25ebbce15 /* ofxOscSender.cpp */,
				21642136e60c5c024425f6c920cbbc0c /* ofxOscSender.h */,
			);
			name = src;
			sourceTree = "<group>";
		};
		d27b2221a225ca523c01967633d9bd60 /* src */ = {
			isa = PBXGroup;
			children = (
				ff8cdf57858e9b94e3237115f4d7aa09 /* ip */,
				30cb364908817057b430d52805394cbc /* osc */,
			);
			name = src;
			sourceTree = "<group>";
		};
		d60f85fe32e11f4003b80627506496ad /* src */ = {
			isa = PBXGroup;
			children = (
				c1d2d6697b443f6415e6943ef4967af8 /* ofxUI.h */,
				15ef00292af46b5f37dc8fff2eeb78d6 /* ofxUI2DGraph.h */,
				500c6b79febbb2b2131273fac946b89d /* ofxUI2DPad.h */,
				2f780097b4650c2225d7e3980f0d7ec2 /* ofxUIBaseDraws.h */,
				251cb82e8478331d0bafffa5e5acd17e /* ofxUIBiLabelSlider.h */,
				e0b2b4ef89e74e57cc9322c9015f066e /* ofxUIButton.h */,
				9b1dff0fda1d7ebc5c51f50d44164ce8 /* ofxUICanvas.h */,
				40297f2beabfc6b7ff487cf816aee735 /* ofxUICircleSlider.h */,
				278128c559a7386bef9c277988bfa1c9 /* ofxUICustomImageButton.h */,
				9d3522459c91eb21347becdaf8fe2bc8 /* ofxUIDropDownList.h */,
				e3360a5701a30046a45c5f10bb6becad /* ofxUIEventArgs.h */,
				033c0c2b0cff8448facea91cadbe4784 /* ofxUIFPS.h */,
				5da81324edd054c7bd76cd412feab2ca /* ofxUIFPSSlider.h */,
				a4f0c382fcafa85b93cfa1237c913226 /* ofxUIImage.h */,
				69e61695639719c1a04ea9a8129b557a /* ofxUIImageButton.h */,
				d858dea08c6e3dddbebea1f95ef3f229 /* ofxUIImageSampler.h */,
				d97291070452cafd55da710a0a76cde4 /* ofxUIImageSlider.h */,
				ebc5592d8b455b0686cbc71119b8ae51 /* ofxUIImageToggle.h */,
				a1ebf4c4ea1a64cedddc71ba8cf889cf /* ofxUIIntSlider.h */,
				8d895833e7963eaa5b928a885aac1657 /* ofxUILabel.h */,
				7d9800eea60dfbfff458f7066809092d /* ofxUILabelButton.h */,
				0d92133c57a5528c4e20ea9b9ea1a41f /* ofxUILabelToggle.h */,
				24b80174c691404258845b67b5a2e01e /* ofxUIMinimalSlider.h */,
				97aed9d8be4996eefcc8eb988e84b1f2 /* ofxUIMovingGraph.h */,
				4cf46626f15933bcd8e240c05c6aeffc /* ofxUIMultiImageButton.h */,
				44797f9be5e6650c998dfcd8e425f47c /* ofxUIMultiImageSlider.h */,
				1a3306795b54dd7875d129e9d397cf29 /* ofxUIMultiImageToggle.h */,
				b13f70bfd622cf5048afc94d3b6f1e62 /* ofxUINumberDialer.h */,
				267364041424d22258c5266aa62f0a52 /* ofxUIOFWrapper.h */,
				53a304bb146ebea920639696cf88b97f /* ofxUIRadio.h */,
				eca7e87aa607b018b1161f87d278c1fd /* ofxUIRangeSlider.h */,
				8096c559e7bda09c3d9bb62803f20d90 /* ofxUIRectangle.h */,
				79177805f51ac3ff787471c5415aa8c6 /* ofxUIRotarySlider.h */,
				0afb635ce6930ba54e0c95ba0425cc19 /* ofxUIScrollableCanvas.h */,
				7395c2dc51a9c45f3f7f7b5bd203c144 /* ofxUISlider.h */,
				ab0d48b540d60667c26a15868cc0e904 /* ofxUISpacer.h */,
				298b48dc366216c2b19e5976f37241e8 /* ofxUISpectrum.h */,
				da8d513e52fc416b324f4a87617e7275 /* ofxUISuperCanvas.h */,
				9c3a90285cbd3194550cb84d6022f8ae /* ofxUITabBar.h */,
				d045b1b4ad6aa55a13d3ef499123f3a3 /* ofxUITextArea.h */,
				557259d7db643fe595c86f22c03027e8 /* ofxUITextInput.h */,
				0dd1447dc5988c229ad2f84ed7ff6e99 /* ofxUIToggle.h */,
				96ef76deed902b8892efdc58932fe373 /* ofxUIToggleMatrix.h */,
				3179ec594bdde4f961e6b56dbe4c3107 /* ofxUIUtils.h */,
				c5d6812df925fb7e2070b775e5b28143 /* ofxUIValuePlotter.h */,
				e5e50b3ef79d5ae4f3b3861e7b39fc3f /* ofxUIWaveform.h */,
				8a7590536cfa6ecb46cef25b08d5a4f3 /* ofxUIWidget.h */,
				3834dcbcf45a36e3abc4a50231acf5e4 /* ofxUIWidgetWithLabel.h */,
			);
			name = src;
			sourceTree = "<group>";
		};
		e6053ab7fec63d5f83825b880ce53c41 /* ofxOsc */ = {
			isa = PBXGroup;
			children = (
				bd2f1a9f8d0c05edb29122d00a67c2a2 /* src */,
				38871a5825686ae018ec2bf0e450fdae /* libs */,
			);
			name = ofxOsc;
			sourceTree = "<group>";
		};
		ff8cdf57858e9b94e3237115f4d7aa09 /* ip */ = {
			isa = PBXGroup;
			children = (
				4116541633239bbe3542debedaa4217a /* IpEndpointName.cpp */,
				d6ca8691f05d178a2599365c53e338dc /* IpEndpointName.h */,
				bedb1f616f36bbd766ea4922d2d35ce1 /* NetworkingUtils.h */,
				95909a9efc90edca39315504c2442296 /* PacketListener.h */,
				641362ca659fafee4e81001be7d8d43c /* posix */,
				1286402b45d7ff89468e9f837b9bf9e8 /* TimerListener.h */,
				41fe0b1847cac08cc5c7c7e334ab67f7 /* UdpSocket.h */,
				ba6760ac87647dd61a92bd416dbd7a9c /* win32 */,
			);
			name = ip;
			sourceTree = "<group>";
		};
/* End PBXGroup section */

/* Begin PBXNativeTarget section */
		E4B69B5A0A3A1756003C02F2 /* drawingApp */ = {
			isa = PBXNativeTarget;
			buildConfigurationList = E4B69B5F0A3A1757003C02F2 /* Build configuration list for PBXNativeTarget "drawingApp" */;
			buildPhases = (
				E4B69B580A3A1756003C02F2 /* Sources */,
				E4B69B590A3A1756003C02F2 /* Frameworks */,
				E4B6FFFD0C3F9AB9008CF71C /* ShellScript */,
				E4C2427710CC5ABF004149E2 /* CopyFiles */,
			);
			buildRules = (
			);
			dependencies = (
				E4EEB9AC138B136A00A80321 /* PBXTargetDependency */,
			);
			name = drawingApp;
			productName = myOFApp;
			productReference = E4B69B5B0A3A1756003C02F2 /* drawingAppDebug.app */;
			productType = "com.apple.product-type.application";
		};
/* End PBXNativeTarget section */

/* Begin PBXProject section */
		E4B69B4C0A3A1720003C02F2 /* Project object */ = {
			isa = PBXProject;
			attributes = {
			};
			buildConfigurationList = E4B69B4D0A3A1720003C02F2 /* Build configuration list for PBXProject "drawingApp" */;
			compatibilityVersion = "Xcode 2.4";
			developmentRegion = English;
			hasScannedForEncodings = 0;
			knownRegions = (
				English,
				Japanese,
				French,
				German,
			);
			mainGroup = E4B69B4A0A3A1720003C02F2;
			productRefGroup = E4B69B4A0A3A1720003C02F2;
			projectDirPath = "";
			projectReferences = (
				{
					ProductGroup = E4328144138ABC890047C5CB /* Products */;
					ProjectRef = E4328143138ABC890047C5CB /* openFrameworksLib.xcodeproj */;
				},
			);
			projectRoot = "";
			targets = (
				E4B69B5A0A3A1756003C02F2 /* drawingApp */,
			);
		};
/* End PBXProject section */

/* Begin PBXReferenceProxy section */
		E4328148138ABC890047C5CB /* openFrameworksDebug.a */ = {
			isa = PBXReferenceProxy;
			fileType = archive.ar;
			path = openFrameworksDebug.a;
			remoteRef = E4328147138ABC890047C5CB /* PBXContainerItemProxy */;
			sourceTree = BUILT_PRODUCTS_DIR;
		};
/* End PBXReferenceProxy section */

/* Begin PBXShellScriptBuildPhase section */
		E4B6FFFD0C3F9AB9008CF71C /* ShellScript */ = {
			isa = PBXShellScriptBuildPhase;
			buildActionMask = 2147483647;
			files = (
			);
			inputPaths = (
			);
			outputPaths = (
			);
			runOnlyForDeploymentPostprocessing = 0;
			shellPath = /bin/sh;
			shellScript = "cp -f ../../../../../../tools/of/of_v0.7.4_osx_release/libs/fmodex/lib/osx/libfmodex.dylib \"$TARGET_BUILD_DIR/$PRODUCT_NAME.app/Contents/MacOS/libfmodex.dylib\"; install_name_tool -change ./libfmodex.dylib @executable_path/libfmodex.dylib \"$TARGET_BUILD_DIR/$PRODUCT_NAME.app/Contents/MacOS/$PRODUCT_NAME\";";
		};
/* End PBXShellScriptBuildPhase section */

/* Begin PBXSourcesBuildPhase section */
		E4B69B580A3A1756003C02F2 /* Sources */ = {
			isa = PBXSourcesBuildPhase;
			buildActionMask = 2147483647;
			files = (
				E4B69E200A3A1BDC003C02F2 /* main.cpp in Sources */,
				E4B69E210A3A1BDC003C02F2 /* testApp.cpp in Sources */,
				27b6d79174443d6cad8383f9ca019209 /* ofxOscBundle.cpp in Sources */,
				cc0671192521ee61cba873986f389617 /* ofxOscMessage.cpp in Sources */,
				da56e2254687602684d237d00dd481cc /* ofxOscReceiver.cpp in Sources */,
				745702f7914c05d0a9e4c9bbb89a3b73 /* ofxOscSender.cpp in Sources */,
				a598ee456e1737d286ad1f1a433f959f /* IpEndpointName.cpp in Sources */,
				529295f92eea55eba139c02a30a256ec /* NetworkingUtils.cpp in Sources */,
				3bbcdff3f524f31e2b0131842dc85d0f /* UdpSocket.cpp in Sources */,
				cf77012c3fd789dc516582aad331e98d /* NetworkingUtilsWin.cpp in Sources */,
				3bfaa836ec8ff234c1578ef058b107e5 /* UdpSocketWin.cpp in Sources */,
				c9c9d0c08e0dc509e50eab02816873b1 /* OscOutboundPacketStream.cpp in Sources */,
				2ef02e240402145e08a7055d4a0ea207 /* OscPrintReceivedElements.cpp in Sources */,
				6cb7d5aa8ff91af384f10e7b0d3bacbd /* OscReceivedElements.cpp in Sources */,
				5a50d5e15fcc372cf48054569dc68e64 /* OscTypes.cpp in Sources */,
				3d64c1bdff05f4a0720c3c482d114f47 /* ofxXmlSettings.cpp in Sources */,
				d45ae2ea93846981c06b4c412206b100 /* tinyxml.cpp in Sources */,
				77d2675927c573d09ebd6f09e3c1b1da /* tinyxmlerror.cpp in Sources */,
				163018228b0d43a3d873c97a5035c136 /* tinyxmlparser.cpp in Sources */,
				2AABAD3E18E382FB00F7E388 /* ofxControlease.cpp in Sources */,
			);
			runOnlyForDeploymentPostprocessing = 0;
		};
/* End PBXSourcesBuildPhase section */

/* Begin PBXTargetDependency section */
		E4EEB9AC138B136A00A80321 /* PBXTargetDependency */ = {
			isa = PBXTargetDependency;
			name = openFrameworks;
			targetProxy = E4EEB9AB138B136A00A80321 /* PBXContainerItemProxy */;
		};
/* End PBXTargetDependency section */

/* Begin XCBuildConfiguration section */
		E4B69B4E0A3A1720003C02F2 /* Debug */ = {
			isa = XCBuildConfiguration;
			baseConfigurationReference = E4EB6923138AFD0F00A09F29 /* Project.xcconfig */;
			buildSettings = {
				ARCHS = "$(NATIVE_ARCH)";
				CONFIGURATION_BUILD_DIR = "$(SRCROOT)/bin/";
				COPY_PHASE_STRIP = NO;
				DEAD_CODE_STRIPPING = YES;
				GCC_AUTO_VECTORIZATION = YES;
				GCC_ENABLE_SSE3_EXTENSIONS = YES;
				GCC_ENABLE_SUPPLEMENTAL_SSE3_INSTRUCTIONS = YES;
				GCC_INLINES_ARE_PRIVATE_EXTERN = NO;
				GCC_OPTIMIZATION_LEVEL = 0;
				GCC_SYMBOLS_PRIVATE_EXTERN = NO;
				GCC_WARN_ABOUT_DEPRECATED_FUNCTIONS = YES;
				GCC_WARN_ABOUT_INVALID_OFFSETOF_MACRO = NO;
				GCC_WARN_ALLOW_INCOMPLETE_PROTOCOL = NO;
				GCC_WARN_UNINITIALIZED_AUTOS = NO;
				GCC_WARN_UNUSED_VALUE = NO;
				GCC_WARN_UNUSED_VARIABLE = NO;
				HEADER_SEARCH_PATHS = (
					"$(OF_CORE_HEADERS)",
					../../../../../../tools/of/of_v0.7.4_osx_release/addons/ofxOsc/libs,
					../../../../../../tools/of/of_v0.7.4_osx_release/addons/ofxOsc/libs/os,
					../../../../../../tools/of/of_v0.7.4_osx_release/addons/ofxOsc/libs/oscpack,
					../../../../../../tools/of/of_v0.7.4_osx_release/addons/ofxOsc/libs/oscpack/src,
					../../../../../../tools/of/of_v0.7.4_osx_release/addons/ofxOsc/libs/oscpack/src/ip,
					../../../../../../tools/of/of_v0.7.4_osx_release/addons/ofxOsc/libs/oscpack/src/ip/posix,
					../../../../../../tools/of/of_v0.7.4_osx_release/addons/ofxOsc/libs/oscpack/src/ip/win32,
					../../../../../../tools/of/of_v0.7.4_osx_release/addons/ofxOsc/libs/oscpack/src/osc,
					../../../../../../tools/of/of_v0.7.4_osx_release/addons/ofxOsc/src,
					../../../../../../tools/of/of_v0.7.4_osx_release/addons/ofxXmlSettings/libs,
					../../../../../../tools/of/of_v0.7.4_osx_release/addons/ofxXmlSettings/src,
					../../../../../../tools/of/of_v0.7.4_osx_release/addons/ofxUI/libs,
					../../../../../../tools/of/of_v0.7.4_osx_release/addons/ofxUI/src,
				);
				OTHER_CPLUSPLUSFLAGS = (
					"-D__MACOSX_CORE__",
					"-lpthread",
					"-mtune=native",
				);
				SDKROOT = macosx;
			};
			name = Debug;
		};
		E4B69B4F0A3A1720003C02F2 /* Release */ = {
			isa = XCBuildConfiguration;
			baseConfigurationReference = E4EB6923138AFD0F00A09F29 /* Project.xcconfig */;
			buildSettings = {
				ARCHS = "$(NATIVE_ARCH)";
				CONFIGURATION_BUILD_DIR = "$(SRCROOT)/bin/";
				COPY_PHASE_STRIP = YES;
				DEAD_CODE_STRIPPING = YES;
				GCC_AUTO_VECTORIZATION = YES;
				GCC_ENABLE_SSE3_EXTENSIONS = YES;
				GCC_ENABLE_SUPPLEMENTAL_SSE3_INSTRUCTIONS = YES;
				GCC_INLINES_ARE_PRIVATE_EXTERN = NO;
				GCC_OPTIMIZATION_LEVEL = 3;
				GCC_SYMBOLS_PRIVATE_EXTERN = NO;
				GCC_UNROLL_LOOPS = YES;
				GCC_WARN_ABOUT_DEPRECATED_FUNCTIONS = YES;
				GCC_WARN_ABOUT_INVALID_OFFSETOF_MACRO = NO;
				GCC_WARN_ALLOW_INCOMPLETE_PROTOCOL = NO;
				GCC_WARN_UNINITIALIZED_AUTOS = NO;
				GCC_WARN_UNUSED_VALUE = NO;
				GCC_WARN_UNUSED_VARIABLE = NO;
				HEADER_SEARCH_PATHS = (
					"$(OF_CORE_HEADERS)",
					../../../../../../tools/of/of_v0.7.4_osx_release/addons/ofxOsc/libs,
					../../../../../../tools/of/of_v0.7.4_osx_release/addons/ofxOsc/libs/os,
					../../../../../../tools/of/of_v0.7.4_osx_release/addons/ofxOsc/libs/oscpack,
					../../../../../../tools/of/of_v0.7.4_osx_release/addons/ofxOsc/libs/oscpack/src,
					../../../../../../tools/of/of_v0.7.4_osx_release/addons/ofxOsc/libs/oscpack/src/ip,
					../../../../../../tools/of/of_v0.7.4_osx_release/addons/ofxOsc/libs/oscpack/src/ip/posix,
					../../../../../../tools/of/of_v0.7.4_osx_release/addons/ofxOsc/libs/oscpack/src/ip/win32,
					../../../../../../tools/of/of_v0.7.4_osx_release/addons/ofxOsc/libs/oscpack/src/osc,
					../../../../../../tools/of/of_v0.7.4_osx_release/addons/ofxOsc/src,
					../../../../../../tools/of/of_v0.7.4_osx_release/addons/ofxXmlSettings/libs,
					../../../../../../tools/of/of_v0.7.4_osx_release/addons/ofxXmlSettings/src,
					../../../../../../tools/of/of_v0.7.4_osx_release/addons/ofxUI/libs,
					../../../../../../tools/of/of_v0.7.4_osx_release/addons/ofxUI/src,
				);
				OTHER_CPLUSPLUSFLAGS = (
					"-D__MACOSX_CORE__",
					"-lpthread",
					"-mtune=native",
				);
				SDKROOT = macosx;
			};
			name = Release;
		};
		E4B69B600A3A1757003C02F2 /* Debug */ = {
			isa = XCBuildConfiguration;
			buildSettings = {
				COPY_PHASE_STRIP = NO;
				FRAMEWORK_SEARCH_PATHS = (
					"$(inherited)",
					"$(FRAMEWORK_SEARCH_PATHS_QUOTED_FOR_TARGET_1)",
				);
				FRAMEWORK_SEARCH_PATHS_QUOTED_FOR_TARGET_1 = "\"$(SRCROOT)/../../../../../../tools/of/of_v0.7.4_osx_release/libs/glut/lib/osx\"";
				GCC_DYNAMIC_NO_PIC = NO;
				GCC_ENABLE_FIX_AND_CONTINUE = YES;
				GCC_GENERATE_DEBUGGING_SYMBOLS = YES;
				GCC_MODEL_TUNING = NONE;
				GCC_PRECOMPILE_PREFIX_HEADER = YES;
				GCC_PREFIX_HEADER = "$(SYSTEM_LIBRARY_DIR)/Frameworks/Carbon.framework/Headers/Carbon.h";
				HEADER_SEARCH_PATHS = (
					"$(OF_CORE_HEADERS)",
					../../../../../../tools/of/of_v0.7.4_osx_release/addons/ofxOsc/libs,
					../../../../../../tools/of/of_v0.7.4_osx_release/addons/ofxOsc/libs/os,
					../../../../../../tools/of/of_v0.7.4_osx_release/addons/ofxOsc/libs/oscpack,
					../../../../../../tools/of/of_v0.7.4_osx_release/addons/ofxOsc/libs/oscpack/src,
					../../../../../../tools/of/of_v0.7.4_osx_release/addons/ofxOsc/libs/oscpack/src/ip,
					../../../../../../tools/of/of_v0.7.4_osx_release/addons/ofxOsc/libs/oscpack/src/ip/posix,
					../../../../../../tools/of/of_v0.7.4_osx_release/addons/ofxOsc/libs/oscpack/src/ip/win32,
					../../../../../../tools/of/of_v0.7.4_osx_release/addons/ofxOsc/libs/oscpack/src/osc,
					../../../../../../tools/of/of_v0.7.4_osx_release/addons/ofxOsc/src,
					../../../../../../tools/of/of_v0.7.4_osx_release/addons/ofxXmlSettings/libs,
					../../../../../../tools/of/of_v0.7.4_osx_release/addons/ofxXmlSettings/src,
					../../../../../../tools/of/of_v0.7.4_osx_release/addons/ofxUI/libs,
					../../../../../../tools/of/of_v0.7.4_osx_release/addons/ofxUI/src,
					"$(OF_PATH)/addons/ofxControlease/src",
				);
				INFOPLIST_FILE = "openFrameworks-Info.plist";
				INSTALL_PATH = "$(HOME)/Applications";
				LIBRARY_SEARCH_PATHS = (
					"$(inherited)",
					"$(LIBRARY_SEARCH_PATHS_QUOTED_FOR_TARGET_1)",
					"$(LIBRARY_SEARCH_PATHS_QUOTED_FOR_TARGET_2)",
					"$(LIBRARY_SEARCH_PATHS_QUOTED_FOR_TARGET_3)",
					"$(LIBRARY_SEARCH_PATHS_QUOTED_FOR_TARGET_4)",
					"$(LIBRARY_SEARCH_PATHS_QUOTED_FOR_TARGET_5)",
					"$(LIBRARY_SEARCH_PATHS_QUOTED_FOR_TARGET_6)",
					"$(LIBRARY_SEARCH_PATHS_QUOTED_FOR_TARGET_7)",
					"$(LIBRARY_SEARCH_PATHS_QUOTED_FOR_TARGET_8)",
					"$(LIBRARY_SEARCH_PATHS_QUOTED_FOR_TARGET_9)",
					"$(LIBRARY_SEARCH_PATHS_QUOTED_FOR_TARGET_10)",
					"$(LIBRARY_SEARCH_PATHS_QUOTED_FOR_TARGET_11)",
					"$(LIBRARY_SEARCH_PATHS_QUOTED_FOR_TARGET_12)",
					"$(LIBRARY_SEARCH_PATHS_QUOTED_FOR_TARGET_13)",
					"$(LIBRARY_SEARCH_PATHS_QUOTED_FOR_TARGET_14)",
					"$(LIBRARY_SEARCH_PATHS_QUOTED_FOR_TARGET_15)",
					"$(LIBRARY_SEARCH_PATHS_QUOTED_FOR_TARGET_2)",
					"$(LIBRARY_SEARCH_PATHS_QUOTED_FOR_TARGET_3)",
					"$(LIBRARY_SEARCH_PATHS_QUOTED_FOR_TARGET_7)",
					"$(LIBRARY_SEARCH_PATHS_QUOTED_FOR_TARGET_8)",
					"$(LIBRARY_SEARCH_PATHS_QUOTED_FOR_TARGET_9)",
					"$(LIBRARY_SEARCH_PATHS_QUOTED_FOR_TARGET_10)",
					"$(LIBRARY_SEARCH_PATHS_QUOTED_FOR_TARGET_11)",
					"$(LIBRARY_SEARCH_PATHS_QUOTED_FOR_TARGET_12)",
					"$(LIBRARY_SEARCH_PATHS_QUOTED_FOR_TARGET_13)",
					"$(LIBRARY_SEARCH_PATHS_QUOTED_FOR_TARGET_16)",
					"$(LIBRARY_SEARCH_PATHS_QUOTED_FOR_TARGET_17)",
					"$(LIBRARY_SEARCH_PATHS_QUOTED_FOR_TARGET_18)",
					"$(LIBRARY_SEARCH_PATHS_QUOTED_FOR_TARGET_19)",
					"$(LIBRARY_SEARCH_PATHS_QUOTED_FOR_TARGET_20)",
					"$(LIBRARY_SEARCH_PATHS_QUOTED_FOR_TARGET_21)",
					"$(LIBRARY_SEARCH_PATHS_QUOTED_FOR_TARGET_22)",
					"$(LIBRARY_SEARCH_PATHS_QUOTED_FOR_TARGET_23)",
					"$(LIBRARY_SEARCH_PATHS_QUOTED_FOR_TARGET_24)",
					"$(LIBRARY_SEARCH_PATHS_QUOTED_FOR_TARGET_25)",
					"$(LIBRARY_SEARCH_PATHS_QUOTED_FOR_TARGET_26)",
					"$(LIBRARY_SEARCH_PATHS_QUOTED_FOR_TARGET_27)",
					"$(LIBRARY_SEARCH_PATHS_QUOTED_FOR_TARGET_28)",
					"$(LIBRARY_SEARCH_PATHS_QUOTED_FOR_TARGET_29)",
					"$(LIBRARY_SEARCH_PATHS_QUOTED_FOR_TARGET_30)",
					"$(LIBRARY_SEARCH_PATHS_QUOTED_FOR_TARGET_31)",
					"$(LIBRARY_SEARCH_PATHS_QUOTED_FOR_TARGET_32)",
					"$(LIBRARY_SEARCH_PATHS_QUOTED_FOR_TARGET_33)",
					"$(LIBRARY_SEARCH_PATHS_QUOTED_FOR_TARGET_34)",
					"$(LIBRARY_SEARCH_PATHS_QUOTED_FOR_TARGET_35)",
					"$(LIBRARY_SEARCH_PATHS_QUOTED_FOR_TARGET_36)",
					"$(LIBRARY_SEARCH_PATHS_QUOTED_FOR_TARGET_37)",
					"$(LIBRARY_SEARCH_PATHS_QUOTED_FOR_TARGET_38)",
					"$(LIBRARY_SEARCH_PATHS_QUOTED_FOR_TARGET_39)",
					"$(LIBRARY_SEARCH_PATHS_QUOTED_FOR_TARGET_40)",
					"$(LIBRARY_SEARCH_PATHS_QUOTED_FOR_TARGET_41)",
					"$(LIBRARY_SEARCH_PATHS_QUOTED_FOR_TARGET_42)",
					"$(LIBRARY_SEARCH_PATHS_QUOTED_FOR_TARGET_43)",
					"$(LIBRARY_SEARCH_PATHS_QUOTED_FOR_TARGET_44)",
					"$(LIBRARY_SEARCH_PATHS_QUOTED_FOR_TARGET_45)",
					"$(LIBRARY_SEARCH_PATHS_QUOTED_FOR_TARGET_46)",
					"$(LIBRARY_SEARCH_PATHS_QUOTED_FOR_TARGET_47)",
					"$(LIBRARY_SEARCH_PATHS_QUOTED_FOR_TARGET_48)",
					"$(LIBRARY_SEARCH_PATHS_QUOTED_FOR_TARGET_49)",
					"$(LIBRARY_SEARCH_PATHS_QUOTED_FOR_TARGET_50)",
					"$(LIBRARY_SEARCH_PATHS_QUOTED_FOR_TARGET_51)",
					"$(LIBRARY_SEARCH_PATHS_QUOTED_FOR_TARGET_52)",
				);
				MACOSX_DEPLOYMENT_TARGET = 10.8;
				PREBINDING = NO;
				PRODUCT_NAME = "$(TARGET_NAME)Debug";
				WRAPPER_EXTENSION = app;
			};
			name = Debug;
		};
		E4B69B610A3A1757003C02F2 /* Release */ = {
			isa = XCBuildConfiguration;
			buildSettings = {
				COPY_PHASE_STRIP = YES;
				FRAMEWORK_SEARCH_PATHS = (
					"$(inherited)",
					"$(FRAMEWORK_SEARCH_PATHS_QUOTED_FOR_TARGET_1)",
				);
				FRAMEWORK_SEARCH_PATHS_QUOTED_FOR_TARGET_1 = "\"$(SRCROOT)/../../../../../../tools/of/of_v0.7.4_osx_release/libs/glut/lib/osx\"";
				GCC_ENABLE_FIX_AND_CONTINUE = NO;
				GCC_GENERATE_DEBUGGING_SYMBOLS = YES;
				GCC_MODEL_TUNING = NONE;
				GCC_PRECOMPILE_PREFIX_HEADER = YES;
				GCC_PREFIX_HEADER = "$(SYSTEM_LIBRARY_DIR)/Frameworks/Carbon.framework/Headers/Carbon.h";
				HEADER_SEARCH_PATHS = (
					"$(OF_CORE_HEADERS)",
					../../../../../../tools/of/of_v0.7.4_osx_release/addons/ofxOsc/libs,
					../../../../../../tools/of/of_v0.7.4_osx_release/addons/ofxOsc/libs/os,
					../../../../../../tools/of/of_v0.7.4_osx_release/addons/ofxOsc/libs/oscpack,
					../../../../../../tools/of/of_v0.7.4_osx_release/addons/ofxOsc/libs/oscpack/src,
					../../../../../../tools/of/of_v0.7.4_osx_release/addons/ofxOsc/libs/oscpack/src/ip,
					../../../../../../tools/of/of_v0.7.4_osx_release/addons/ofxOsc/libs/oscpack/src/ip/posix,
					../../../../../../tools/of/of_v0.7.4_osx_release/addons/ofxOsc/libs/oscpack/src/ip/win32,
					../../../../../../tools/of/of_v0.7.4_osx_release/addons/ofxOsc/libs/oscpack/src/osc,
					../../../../../../tools/of/of_v0.7.4_osx_release/addons/ofxOsc/src,
					../../../../../../tools/of/of_v0.7.4_osx_release/addons/ofxXmlSettings/libs,
					../../../../../../tools/of/of_v0.7.4_osx_release/addons/ofxXmlSettings/src,
					../../../../../../tools/of/of_v0.7.4_osx_release/addons/ofxUI/libs,
					../../../../../../tools/of/of_v0.7.4_osx_release/addons/ofxUI/src,
					"$(OF_PATH)/addons/ofxControlease/src",
				);
				INFOPLIST_FILE = "openFrameworks-Info.plist";
				INSTALL_PATH = "$(HOME)/Applications";
				LIBRARY_SEARCH_PATHS = (
					"$(inherited)",
					"$(LIBRARY_SEARCH_PATHS_QUOTED_FOR_TARGET_1)",
					"$(LIBRARY_SEARCH_PATHS_QUOTED_FOR_TARGET_2)",
					"$(LIBRARY_SEARCH_PATHS_QUOTED_FOR_TARGET_3)",
					"$(LIBRARY_SEARCH_PATHS_QUOTED_FOR_TARGET_4)",
					"$(LIBRARY_SEARCH_PATHS_QUOTED_FOR_TARGET_5)",
					"$(LIBRARY_SEARCH_PATHS_QUOTED_FOR_TARGET_6)",
					"$(LIBRARY_SEARCH_PATHS_QUOTED_FOR_TARGET_7)",
					"$(LIBRARY_SEARCH_PATHS_QUOTED_FOR_TARGET_8)",
					"$(LIBRARY_SEARCH_PATHS_QUOTED_FOR_TARGET_9)",
					"$(LIBRARY_SEARCH_PATHS_QUOTED_FOR_TARGET_10)",
					"$(LIBRARY_SEARCH_PATHS_QUOTED_FOR_TARGET_11)",
					"$(LIBRARY_SEARCH_PATHS_QUOTED_FOR_TARGET_12)",
					"$(LIBRARY_SEARCH_PATHS_QUOTED_FOR_TARGET_13)",
					"$(LIBRARY_SEARCH_PATHS_QUOTED_FOR_TARGET_14)",
					"$(LIBRARY_SEARCH_PATHS_QUOTED_FOR_TARGET_15)",
					"$(LIBRARY_SEARCH_PATHS_QUOTED_FOR_TARGET_2)",
					"$(LIBRARY_SEARCH_PATHS_QUOTED_1)",
					"$(LIBRARY_SEARCH_PATHS_QUOTED_FOR_TARGET_3)",
					"$(LIBRARY_SEARCH_PATHS_QUOTED_FOR_TARGET_7)",
					"$(LIBRARY_SEARCH_PATHS_QUOTED_FOR_TARGET_8)",
					"$(LIBRARY_SEARCH_PATHS_QUOTED_FOR_TARGET_9)",
					"$(LIBRARY_SEARCH_PATHS_QUOTED_FOR_TARGET_10)",
					"$(LIBRARY_SEARCH_PATHS_QUOTED_FOR_TARGET_11)",
					"$(LIBRARY_SEARCH_PATHS_QUOTED_FOR_TARGET_12)",
					"$(LIBRARY_SEARCH_PATHS_QUOTED_FOR_TARGET_13)",
					"$(LIBRARY_SEARCH_PATHS_QUOTED_FOR_TARGET_16)",
					"$(LIBRARY_SEARCH_PATHS_QUOTED_FOR_TARGET_17)",
					"$(LIBRARY_SEARCH_PATHS_QUOTED_FOR_TARGET_18)",
					"$(LIBRARY_SEARCH_PATHS_QUOTED_FOR_TARGET_19)",
					"$(LIBRARY_SEARCH_PATHS_QUOTED_FOR_TARGET_20)",
					"$(LIBRARY_SEARCH_PATHS_QUOTED_FOR_TARGET_21)",
					"$(LIBRARY_SEARCH_PATHS_QUOTED_FOR_TARGET_22)",
					"$(LIBRARY_SEARCH_PATHS_QUOTED_FOR_TARGET_23)",
					"$(LIBRARY_SEARCH_PATHS_QUOTED_FOR_TARGET_24)",
					"$(LIBRARY_SEARCH_PATHS_QUOTED_FOR_TARGET_25)",
					"$(LIBRARY_SEARCH_PATHS_QUOTED_FOR_TARGET_26)",
					"$(LIBRARY_SEARCH_PATHS_QUOTED_FOR_TARGET_27)",
					"$(LIBRARY_SEARCH_PATHS_QUOTED_FOR_TARGET_28)",
					"$(LIBRARY_SEARCH_PATHS_QUOTED_FOR_TARGET_29)",
					"$(LIBRARY_SEARCH_PATHS_QUOTED_FOR_TARGET_30)",
					"$(LIBRARY_SEARCH_PATHS_QUOTED_FOR_TARGET_31)",
					"$(LIBRARY_SEARCH_PATHS_QUOTED_FOR_TARGET_32)",
					"$(LIBRARY_SEARCH_PATHS_QUOTED_FOR_TARGET_33)",
					"$(LIBRARY_SEARCH_PATHS_QUOTED_FOR_TARGET_34)",
					"$(LIBRARY_SEARCH_PATHS_QUOTED_FOR_TARGET_35)",
					"$(LIBRARY_SEARCH_PATHS_QUOTED_FOR_TARGET_36)",
					"$(LIBRARY_SEARCH_PATHS_QUOTED_FOR_TARGET_37)",
					"$(LIBRARY_SEARCH_PATHS_QUOTED_FOR_TARGET_38)",
					"$(LIBRARY_SEARCH_PATHS_QUOTED_FOR_TARGET_39)",
					"$(LIBRARY_SEARCH_PATHS_QUOTED_FOR_TARGET_40)",
					"$(LIBRARY_SEARCH_PATHS_QUOTED_FOR_TARGET_41)",
					"$(LIBRARY_SEARCH_PATHS_QUOTED_FOR_TARGET_42)",
					"$(LIBRARY_SEARCH_PATHS_QUOTED_FOR_TARGET_43)",
					"$(LIBRARY_SEARCH_PATHS_QUOTED_FOR_TARGET_44)",
					"$(LIBRARY_SEARCH_PATHS_QUOTED_FOR_TARGET_45)",
					"$(LIBRARY_SEARCH_PATHS_QUOTED_FOR_TARGET_46)",
					"$(LIBRARY_SEARCH_PATHS_QUOTED_FOR_TARGET_47)",
					"$(LIBRARY_SEARCH_PATHS_QUOTED_FOR_TARGET_48)",
					"$(LIBRARY_SEARCH_PATHS_QUOTED_FOR_TARGET_49)",
					"$(LIBRARY_SEARCH_PATHS_QUOTED_FOR_TARGET_50)",
					"$(LIBRARY_SEARCH_PATHS_QUOTED_FOR_TARGET_51)",
				);
				MACOSX_DEPLOYMENT_TARGET = 10.8;
				PREBINDING = NO;
				PRODUCT_NAME = "$(TARGET_NAME)";
				WRAPPER_EXTENSION = app;
			};
			name = Release;
		};
/* End XCBuildConfiguration section */

/* Begin XCConfigurationList section */
		E4B69B4D0A3A1720003C02F2 /* Build configuration list for PBXProject "drawingApp" */ = {
			isa = XCConfigurationList;
			buildConfigurations = (
				E4B69B4E0A3A1720003C02F2 /* Debug */,
				E4B69B4F0A3A1720003C02F2 /* Release */,
			);
			defaultConfigurationIsVisible = 0;
			defaultConfigurationName = Release;
		};
		E4B69B5F0A3A1757003C02F2 /* Build configuration list for PBXNativeTarget "drawingApp" */ = {
			isa = XCConfigurationList;
			buildConfigurations = (
				E4B69B600A3A1757003C02F2 /* Debug */,
				E4B69B610A3A1757003C02F2 /* Release */,
			);
			defaultConfigurationIsVisible = 0;
			defaultConfigurationName = Release;
		};
/* End XCConfigurationList section */
	};
	rootObject = E4B69B4C0A3A1720003C02F2 /* Project object */;
}
